
Microsoft Visual Studio Solution File, Format Version 12.00
# Visual Studio Version 16
VisualStudioVersion = 25.0.1704.1
MinimumVisualStudioVersion = 10.0.40219.1
Project("{FAE04EC0-301F-11D3-BF4B-00C04F79EFBC}") = "MajorPayne", "MajorPayne.csproj", "{8C170C2F-BA38-49BB-A544-D9DF4C60A0BF}"
EndProject
Global
	GlobalSection(SolutionConfigurationPlatforms) = preSolution
		Debug|Any CPU = Debug|Any CPU
		Release|Any CPU = Release|Any CPU
	EndGlobalSection
	GlobalSection(ProjectConfigurationPlatforms) = postSolution
		{8C170C2F-BA38-49BB-A544-D9DF4C60A0BF}.Debug|Any CPU.ActiveCfg = Debug|Any CPU
		{8C170C2F-BA38-49BB-A544-D9DF4C60A0BF}.Debug|Any CPU.Build.0 = Debug|Any CPU
		{8C170C2F-BA38-49BB-A544-D9DF4C60A0BF}.Release|Any CPU.ActiveCfg = Release|Any CPU
		{8C170C2F-BA38-49BB-A544-D9DF4C60A0BF}.Release|Any CPU.Build.0 = Release|Any CPU
	EndGlobalSection
	GlobalSection(SolutionProperties) = preSolution
		HideSolutionNode = FALSE
	EndGlobalSection
	GlobalSection(ExtensibilityGlobals) = postSolution
		SolutionGuid = {79675D40-3423-451F-89FD-092BAEB638C5}
	EndGlobalSection
EndGlobal
